
Microsoft Visual Studio Solution File, Format Version 12.00
# Visual Studio Version 16
VisualStudioVersion = 16.0.34031.81
MinimumVisualStudioVersion = 10.0.40219.1
Project("{FAE04EC0-301F-11D3-BF4B-00C04F79EFBC}") = "ToDoListApp", "ToDoListApp\ToDoListApp.csproj", "{32DF8A60-FCE7-44C3-91A9-5B5F8EC2BFBE}"
EndProject
Global
	GlobalSection(SolutionConfigurationPlatforms) = preSolution
		Debug|Any CPU = Debug|Any CPU
		Release|Any CPU = Release|Any CPU
	EndGlobalSection
	GlobalSection(ProjectConfigurationPlatforms) = postSolution
		{32DF8A60-FCE7-44C3-91A9-5B5F8EC2BFBE}.Debug|Any CPU.ActiveCfg = Debug|Any CPU
		{32DF8A60-FCE7-44C3-91A9-5B5F8EC2BFBE}.Debug|Any CPU.Build.0 = Debug|Any CPU
		{32DF8A60-FCE7-44C3-91A9-5B5F8EC2BFBE}.Release|Any CPU.ActiveCfg = Release|Any CPU
		{32DF8A60-FCE7-44C3-91A9-5B5F8EC2BFBE}.Release|Any CPU.Build.0 = Release|Any CPU
	EndGlobalSection
	GlobalSection(SolutionProperties) = preSolution
		HideSolutionNode = FALSE
	EndGlobalSection
	GlobalSection(ExtensibilityGlobals) = postSolution
		SolutionGuid = {4F06FB8F-BAFC-40B0-806E-BAFB1E23D420}
	EndGlobalSection
EndGlobal
