
Microsoft Visual Studio Solution File, Format Version 12.00
# Visual Studio Version 16
VisualStudioVersion = 16.0.34031.81
MinimumVisualStudioVersion = 10.0.40219.1
Project("{FAE04EC0-301F-11D3-BF4B-00C04F79EFBC}") = "ToDoListApp", "ToDoListApp\ToDoListApp.csproj", "{78E8C451-520A-465F-B23E-00DC4E463CFF}"
EndProject
Global
	GlobalSection(SolutionConfigurationPlatforms) = preSolution
		Debug|Any CPU = Debug|Any CPU
		Release|Any CPU = Release|Any CPU
	EndGlobalSection
	GlobalSection(ProjectConfigurationPlatforms) = postSolution
		{78E8C451-520A-465F-B23E-00DC4E463CFF}.Debug|Any CPU.ActiveCfg = Debug|Any CPU
		{78E8C451-520A-465F-B23E-00DC4E463CFF}.Debug|Any CPU.Build.0 = Debug|Any CPU
		{78E8C451-520A-465F-B23E-00DC4E463CFF}.Release|Any CPU.ActiveCfg = Release|Any CPU
		{78E8C451-520A-465F-B23E-00DC4E463CFF}.Release|Any CPU.Build.0 = Release|Any CPU
	EndGlobalSection
	GlobalSection(SolutionProperties) = preSolution
		HideSolutionNode = FALSE
	EndGlobalSection
	GlobalSection(ExtensibilityGlobals) = postSolution
		SolutionGuid = {8F7082D2-77B0-4F98-BDFC-302EAF625729}
	EndGlobalSection
EndGlobal
